// !$*UTF8*$!
{
	archiveVersion = 1;
	classes = {
	};
	objectVersion = 51;
	objects = {

/* Begin PBXBuildFile section */
		8AEF62142359195700850B66 /* Utilities.swift in Sources */ = {isa = PBXBuildFile; fileRef = 8AEF62132359195700850B66 /* Utilities.swift */; };
		8AF086402358E4C800D1E607 /* AppDelegate.swift in Sources */ = {isa = PBXBuildFile; fileRef = 8AF0863F2358E4C800D1E607 /* AppDelegate.swift */; };
		8AF086422358E4C800D1E607 /* ViewController.swift in Sources */ = {isa = PBXBuildFile; fileRef = 8AF086412358E4C800D1E607 /* ViewController.swift */; };
		8AF086452358E4C800D1E607 /* Main.storyboard in Resources */ = {isa = PBXBuildFile; fileRef = 8AF086432358E4C800D1E607 /* Main.storyboard */; };
		8AF086482358E4C800D1E607 /* LoginUsingGoogle.xcdatamodeld in Sources */ = {isa = PBXBuildFile; fileRef = 8AF086462358E4C800D1E607 /* LoginUsingGoogle.xcdatamodeld */; };
		8AF0864A2358E4CC00D1E607 /* Assets.xcassets in Resources */ = {isa = PBXBuildFile; fileRef = 8AF086492358E4CC00D1E607 /* Assets.xcassets */; };
		8AF0864D2358E4CC00D1E607 /* LaunchScreen.storyboard in Resources */ = {isa = PBXBuildFile; fileRef = 8AF0864B2358E4CC00D1E607 /* LaunchScreen.storyboard */; };
		8AF086582358E4CC00D1E607 /* LoginUsingGoogleTests.swift in Sources */ = {isa = PBXBuildFile; fileRef = 8AF086572358E4CC00D1E607 /* LoginUsingGoogleTests.swift */; };
		8AF086632358E4CC00D1E607 /* LoginUsingGoogleUITests.swift in Sources */ = {isa = PBXBuildFile; fileRef = 8AF086622358E4CC00D1E607 /* LoginUsingGoogleUITests.swift */; };
		8AF086712358EB6C00D1E607 /* credentials.plist in Resources */ = {isa = PBXBuildFile; fileRef = 8AF086702358EB6C00D1E607 /* credentials.plist */; };
		8AF0867323590F0500D1E607 /* Constants.swift in Sources */ = {isa = PBXBuildFile; fileRef = 8AF0867223590F0500D1E607 /* Constants.swift */; };
		8AF0867523590F7600D1E607 /* HomeViewController.swift in Sources */ = {isa = PBXBuildFile; fileRef = 8AF0867423590F7600D1E607 /* HomeViewController.swift */; };
		BAB4BDF7BB07597D6C7B472E /* Pods_LoginUsingGoogle.framework in Frameworks */ = {isa = PBXBuildFile; fileRef = 80DC8F35057AF49F3CD1934F /* Pods_LoginUsingGoogle.framework */; };
/* End PBXBuildFile section */

/* Begin PBXContainerItemProxy section */
		8AF086542358E4CC00D1E607 /* PBXContainerItemProxy */ = {
			isa = PBXContainerItemProxy;
			containerPortal = 8AF086342358E4C800D1E607 /* Project object */;
			proxyType = 1;
			remoteGlobalIDString = 8AF0863B2358E4C800D1E607;
			remoteInfo = LoginUsingGoogle;
		};
		8AF0865F2358E4CC00D1E607 /* PBXContainerItemProxy */ = {
			isa = PBXContainerItemProxy;
			containerPortal = 8AF086342358E4C800D1E607 /* Project object */;
			proxyType = 1;
			remoteGlobalIDString = 8AF0863B2358E4C800D1E607;
			remoteInfo = LoginUsingGoogle;
		};
/* End PBXContainerItemProxy section */

/* Begin PBXFileReference section */
		80DC8F35057AF49F3CD1934F /* Pods_LoginUsingGoogle.framework */ = {isa = PBXFileReference; explicitFileType = wrapper.framework; includeInIndex = 0; path = Pods_LoginUsingGoogle.framework; sourceTree = BUILT_PRODUCTS_DIR; };
		8AEF62132359195700850B66 /* Utilities.swift */ = {isa = PBXFileReference; lastKnownFileType = sourcecode.swift; path = Utilities.swift; sourceTree = "<group>"; };
		8AF0863C2358E4C800D1E607 /* LoginUsingGoogle.app */ = {isa = PBXFileReference; explicitFileType = wrapper.application; includeInIndex = 0; path = LoginUsingGoogle.app; sourceTree = BUILT_PRODUCTS_DIR; };
		8AF0863F2358E4C800D1E607 /* AppDelegate.swift */ = {isa = PBXFileReference; lastKnownFileType = sourcecode.swift; path = AppDelegate.swift; sourceTree = "<group>"; };
		8AF086412358E4C800D1E607 /* ViewController.swift */ = {isa = PBXFileReference; lastKnownFileType = sourcecode.swift; path = ViewController.swift; sourceTree = "<group>"; };
		8AF086442358E4C800D1E607 /* Base */ = {isa = PBXFileReference; lastKnownFileType = file.storyboard; name = Base; path = Base.lproj/Main.storyboard; sourceTree = "<group>"; };
		8AF086472358E4C800D1E607 /* LoginUsingGoogle.xcdatamodel */ = {isa = PBXFileReference; lastKnownFileType = wrapper.xcdatamodel; path = LoginUsingGoogle.xcdatamodel; sourceTree = "<group>"; };
		8AF086492358E4CC00D1E607 /* Assets.xcassets */ = {isa = PBXFileReference; lastKnownFileType = folder.assetcatalog; path = Assets.xcassets; sourceTree = "<group>"; };
		8AF0864C2358E4CC00D1E607 /* Base */ = {isa = PBXFileReference; lastKnownFileType = file.storyboard; name = Base; path = Base.lproj/LaunchScreen.storyboard; sourceTree = "<group>"; };
		8AF0864E2358E4CC00D1E607 /* Info.plist */ = {isa = PBXFileReference; lastKnownFileType = text.plist.xml; path = Info.plist; sourceTree = "<group>"; };
		8AF086532358E4CC00D1E607 /* LoginUsingGoogleTests.xctest */ = {isa = PBXFileReference; explicitFileType = wrapper.cfbundle; includeInIndex = 0; path = LoginUsingGoogleTests.xctest; sourceTree = BUILT_PRODUCTS_DIR; };
		8AF086572358E4CC00D1E607 /* LoginUsingGoogleTests.swift */ = {isa = PBXFileReference; lastKnownFileType = sourcecode.swift; path = LoginUsingGoogleTests.swift; sourceTree = "<group>"; };
		8AF086592358E4CC00D1E607 /* Info.plist */ = {isa = PBXFileReference; lastKnownFileType = text.plist.xml; path = Info.plist; sourceTree = "<group>"; };
		8AF0865E2358E4CC00D1E607 /* LoginUsingGoogleUITests.xctest */ = {isa = PBXFileReference; explicitFileType = wrapper.cfbundle; includeInIndex = 0; path = LoginUsingGoogleUITests.xctest; sourceTree = BUILT_PRODUCTS_DIR; };
		8AF086622358E4CC00D1E607 /* LoginUsingGoogleUITests.swift */ = {isa = PBXFileReference; lastKnownFileType = sourcecode.swift; path = LoginUsingGoogleUITests.swift; sourceTree = "<group>"; };
		8AF086642358E4CC00D1E607 /* Info.plist */ = {isa = PBXFileReference; lastKnownFileType = text.plist.xml; path = Info.plist; sourceTree = "<group>"; };
		8AF086702358EB6C00D1E607 /* credentials.plist */ = {isa = PBXFileReference; fileEncoding = 4; lastKnownFileType = text.plist.xml; path = credentials.plist; sourceTree = "<group>"; };
		8AF0867223590F0500D1E607 /* Constants.swift */ = {isa = PBXFileReference; lastKnownFileType = sourcecode.swift; path = Constants.swift; sourceTree = "<group>"; };
		8AF0867423590F7600D1E607 /* HomeViewController.swift */ = {isa = PBXFileReference; lastKnownFileType = sourcecode.swift; path = HomeViewController.swift; sourceTree = "<group>"; };
		B8E01BE6486CA68129E26C4F /* Pods-LoginUsingGoogle.release.xcconfig */ = {isa = PBXFileReference; includeInIndex = 1; lastKnownFileType = text.xcconfig; name = "Pods-LoginUsingGoogle.release.xcconfig"; path = "Target Support Files/Pods-LoginUsingGoogle/Pods-LoginUsingGoogle.release.xcconfig"; sourceTree = "<group>"; };
		F1C025211BA95751E9E43F2E /* Pods-LoginUsingGoogle.debug.xcconfig */ = {isa = PBXFileReference; includeInIndex = 1; lastKnownFileType = text.xcconfig; name = "Pods-LoginUsingGoogle.debug.xcconfig"; path = "Target Support Files/Pods-LoginUsingGoogle/Pods-LoginUsingGoogle.debug.xcconfig"; sourceTree = "<group>"; };
/* End PBXFileReference section */

/* Begin PBXFrameworksBuildPhase section */
		8AF086392358E4C800D1E607 /* Frameworks */ = {
			isa = PBXFrameworksBuildPhase;
			buildActionMask = 2147483647;
			files = (
				BAB4BDF7BB07597D6C7B472E /* Pods_LoginUsingGoogle.framework in Frameworks */,
			);
			runOnlyForDeploymentPostprocessing = 0;
		};
		8AF086502358E4CC00D1E607 /* Frameworks */ = {
			isa = PBXFrameworksBuildPhase;
			buildActionMask = 2147483647;
			files = (
			);
			runOnlyForDeploymentPostprocessing = 0;
		};
		8AF0865B2358E4CC00D1E607 /* Frameworks */ = {
			isa = PBXFrameworksBuildPhase;
			buildActionMask = 2147483647;
			files = (
			);
			runOnlyForDeploymentPostprocessing = 0;
		};
/* End PBXFrameworksBuildPhase section */

/* Begin PBXGroup section */
		43FD7C50190F5B35AAE71A2C /* Frameworks */ = {
			isa = PBXGroup;
			children = (
				80DC8F35057AF49F3CD1934F /* Pods_LoginUsingGoogle.framework */,
			);
			name = Frameworks;
			sourceTree = "<group>";
		};
		8AEF62122359193D00850B66 /* Helpers */ = {
			isa = PBXGroup;
			children = (
				8AEF62132359195700850B66 /* Utilities.swift */,
				8AF0867223590F0500D1E607 /* Constants.swift */,
			);
			path = Helpers;
			sourceTree = "<group>";
		};
		8AF086332358E4C800D1E607 = {
			isa = PBXGroup;
			children = (
				8AEF62122359193D00850B66 /* Helpers */,
				8AF0863E2358E4C800D1E607 /* LoginUsingGoogle */,
				8AF086562358E4CC00D1E607 /* LoginUsingGoogleTests */,
				8AF086612358E4CC00D1E607 /* LoginUsingGoogleUITests */,
				8AF0863D2358E4C800D1E607 /* Products */,
				BFA2BCD1FA13B2F28A4C61BF /* Pods */,
				43FD7C50190F5B35AAE71A2C /* Frameworks */,
			);
			sourceTree = "<group>";
		};
		8AF0863D2358E4C800D1E607 /* Products */ = {
			isa = PBXGroup;
			children = (
				8AF0863C2358E4C800D1E607 /* LoginUsingGoogle.app */,
				8AF086532358E4CC00D1E607 /* LoginUsingGoogleTests.xctest */,
				8AF0865E2358E4CC00D1E607 /* LoginUsingGoogleUITests.xctest */,
			);
			name = Products;
			sourceTree = "<group>";
		};
		8AF0863E2358E4C800D1E607 /* LoginUsingGoogle */ = {
			isa = PBXGroup;
			children = (
				8AF086702358EB6C00D1E607 /* credentials.plist */,
				8AF0867423590F7600D1E607 /* HomeViewController.swift */,
				8AF0863F2358E4C800D1E607 /* AppDelegate.swift */,
				8AF086412358E4C800D1E607 /* ViewController.swift */,
				8AF086432358E4C800D1E607 /* Main.storyboard */,
				8AF086492358E4CC00D1E607 /* Assets.xcassets */,
				8AF0864B2358E4CC00D1E607 /* LaunchScreen.storyboard */,
				8AF0864E2358E4CC00D1E607 /* Info.plist */,
				8AF086462358E4C800D1E607 /* LoginUsingGoogle.xcdatamodeld */,
			);
			path = LoginUsingGoogle;
			sourceTree = "<group>";
		};
		8AF086562358E4CC00D1E607 /* LoginUsingGoogleTests */ = {
			isa = PBXGroup;
			children = (
				8AF086572358E4CC00D1E607 /* LoginUsingGoogleTests.swift */,
				8AF086592358E4CC00D1E607 /* Info.plist */,
			);
			path = LoginUsingGoogleTests;
			sourceTree = "<group>";
		};
		8AF086612358E4CC00D1E607 /* LoginUsingGoogleUITests */ = {
			isa = PBXGroup;
			children = (
				8AF086622358E4CC00D1E607 /* LoginUsingGoogleUITests.swift */,
				8AF086642358E4CC00D1E607 /* Info.plist */,
			);
			path = LoginUsingGoogleUITests;
			sourceTree = "<group>";
		};
		BFA2BCD1FA13B2F28A4C61BF /* Pods */ = {
			isa = PBXGroup;
			children = (
				F1C025211BA95751E9E43F2E /* Pods-LoginUsingGoogle.debug.xcconfig */,
				B8E01BE6486CA68129E26C4F /* Pods-LoginUsingGoogle.release.xcconfig */,
			);
			path = Pods;
			sourceTree = "<group>";
		};
/* End PBXGroup section */

/* Begin PBXNativeTarget section */
		8AF0863B2358E4C800D1E607 /* LoginUsingGoogle */ = {
			isa = PBXNativeTarget;
			buildConfigurationList = 8AF086672358E4CC00D1E607 /* Build configuration list for PBXNativeTarget "LoginUsingGoogle" */;
			buildPhases = (
				33CC9A01E54D4715FBB5F25C /* [CP] Check Pods Manifest.lock */,
				8AF086382358E4C800D1E607 /* Sources */,
				8AF086392358E4C800D1E607 /* Frameworks */,
				8AF0863A2358E4C800D1E607 /* Resources */,
				E4F9D5ED8B91E825B40F7B31 /* [CP] Embed Pods Frameworks */,
				A98889844AEDEF47ECBD952B /* [CP] Copy Pods Resources */,
			);
			buildRules = (
			);
			dependencies = (
			);
			name = LoginUsingGoogle;
			productName = LoginUsingGoogle;
			productReference = 8AF0863C2358E4C800D1E607 /* LoginUsingGoogle.app */;
			productType = "com.apple.product-type.application";
		};
		8AF086522358E4CC00D1E607 /* LoginUsingGoogleTests */ = {
			isa = PBXNativeTarget;
			buildConfigurationList = 8AF0866A2358E4CC00D1E607 /* Build configuration list for PBXNativeTarget "LoginUsingGoogleTests" */;
			buildPhases = (
				8AF0864F2358E4CC00D1E607 /* Sources */,
				8AF086502358E4CC00D1E607 /* Frameworks */,
				8AF086512358E4CC00D1E607 /* Resources */,
			);
			buildRules = (
			);
			dependencies = (
				8AF086552358E4CC00D1E607 /* PBXTargetDependency */,
			);
			name = LoginUsingGoogleTests;
			productName = LoginUsingGoogleTests;
			productReference = 8AF086532358E4CC00D1E607 /* LoginUsingGoogleTests.xctest */;
			productType = "com.apple.product-type.bundle.unit-test";
		};
		8AF0865D2358E4CC00D1E607 /* LoginUsingGoogleUITests */ = {
			isa = PBXNativeTarget;
			buildConfigurationList = 8AF0866D2358E4CC00D1E607 /* Build configuration list for PBXNativeTarget "LoginUsingGoogleUITests" */;
			buildPhases = (
				8AF0865A2358E4CC00D1E607 /* Sources */,
				8AF0865B2358E4CC00D1E607 /* Frameworks */,
				8AF0865C2358E4CC00D1E607 /* Resources */,
			);
			buildRules = (
			);
			dependencies = (
				8AF086602358E4CC00D1E607 /* PBXTargetDependency */,
			);
			name = LoginUsingGoogleUITests;
			productName = LoginUsingGoogleUITests;
			productReference = 8AF0865E2358E4CC00D1E607 /* LoginUsingGoogleUITests.xctest */;
			productType = "com.apple.product-type.bundle.ui-testing";
		};
/* End PBXNativeTarget section */

/* Begin PBXProject section */
		8AF086342358E4C800D1E607 /* Project object */ = {
			isa = PBXProject;
			attributes = {
				LastSwiftUpdateCheck = 1020;
				LastUpgradeCheck = 1020;
				ORGANIZATIONNAME = edu.data;
				TargetAttributes = {
					8AF0863B2358E4C800D1E607 = {
						CreatedOnToolsVersion = 10.2.1;
					};
					8AF086522358E4CC00D1E607 = {
						CreatedOnToolsVersion = 10.2.1;
						TestTargetID = 8AF0863B2358E4C800D1E607;
					};
					8AF0865D2358E4CC00D1E607 = {
						CreatedOnToolsVersion = 10.2.1;
						TestTargetID = 8AF0863B2358E4C800D1E607;
					};
				};
			};
			buildConfigurationList = 8AF086372358E4C800D1E607 /* Build configuration list for PBXProject "LoginUsingGoogle" */;
			compatibilityVersion = "Xcode 9.3";
			developmentRegion = en;
			hasScannedForEncodings = 0;
			knownRegions = (
				en,
				Base,
			);
			mainGroup = 8AF086332358E4C800D1E607;
			productRefGroup = 8AF0863D2358E4C800D1E607 /* Products */;
			projectDirPath = "";
			projectRoot = "";
			targets = (
				8AF0863B2358E4C800D1E607 /* LoginUsingGoogle */,
				8AF086522358E4CC00D1E607 /* LoginUsingGoogleTests */,
				8AF0865D2358E4CC00D1E607 /* LoginUsingGoogleUITests */,
			);
		};
/* End PBXProject section */

/* Begin PBXResourcesBuildPhase section */
		8AF0863A2358E4C800D1E607 /* Resources */ = {
			isa = PBXResourcesBuildPhase;
			buildActionMask = 2147483647;
			files = (
				8AF0864D2358E4CC00D1E607 /* LaunchScreen.storyboard in Resources */,
				8AF086712358EB6C00D1E607 /* credentials.plist in Resources */,
				8AF0864A2358E4CC00D1E607 /* Assets.xcassets in Resources */,
				8AF086452358E4C800D1E607 /* Main.storyboard in Resources */,
			);
			runOnlyForDeploymentPostprocessing = 0;
		};
		8AF086512358E4CC00D1E607 /* Resources */ = {
			isa = PBXResourcesBuildPhase;
			buildActionMask = 2147483647;
			files = (
			);
			runOnlyForDeploymentPostprocessing = 0;
		};
		8AF0865C2358E4CC00D1E607 /* Resources */ = {
			isa = PBXResourcesBuildPhase;
			buildActionMask = 2147483647;
			files = (
			);
			runOnlyForDeploymentPostprocessing = 0;
		};
/* End PBXResourcesBuildPhase section */

/* Begin PBXShellScriptBuildPhase section */
		33CC9A01E54D4715FBB5F25C /* [CP] Check Pods Manifest.lock */ = {
			isa = PBXShellScriptBuildPhase;
			buildActionMask = 2147483647;
			files = (
			);
			inputFileListPaths = (
			);
			inputPaths = (
				"${PODS_PODFILE_DIR_PATH}/Podfile.lock",
				"${PODS_ROOT}/Manifest.lock",
			);
			name = "[CP] Check Pods Manifest.lock";
			outputFileListPaths = (
			);
			outputPaths = (
				"$(DERIVED_FILE_DIR)/Pods-LoginUsingGoogle-checkManifestLockResult.txt",
			);
			runOnlyForDeploymentPostprocessing = 0;
			shellPath = /bin/sh;
			shellScript = "diff \"${PODS_PODFILE_DIR_PATH}/Podfile.lock\" \"${PODS_ROOT}/Manifest.lock\" > /dev/null\nif [ $? != 0 ] ; then\n    # print error to STDERR\n    echo \"error: The sandbox is not in sync with the Podfile.lock. Run 'pod install' or update your CocoaPods installation.\" >&2\n    exit 1\nfi\n# This output is used by Xcode 'outputs' to avoid re-running this script phase.\necho \"SUCCESS\" > \"${SCRIPT_OUTPUT_FILE_0}\"\n";
			showEnvVarsInLog = 0;
		};
		A98889844AEDEF47ECBD952B /* [CP] Copy Pods Resources */ = {
			isa = PBXShellScriptBuildPhase;
			buildActionMask = 2147483647;
			files = (
			);
			inputFileListPaths = (
				"${PODS_ROOT}/Target Support Files/Pods-LoginUsingGoogle/Pods-LoginUsingGoogle-resources-${CONFIGURATION}-input-files.xcfilelist",
			);
			name = "[CP] Copy Pods Resources";
			outputFileListPaths = (
				"${PODS_ROOT}/Target Support Files/Pods-LoginUsingGoogle/Pods-LoginUsingGoogle-resources-${CONFIGURATION}-output-files.xcfilelist",
			);
			runOnlyForDeploymentPostprocessing = 0;
			shellPath = /bin/sh;
			shellScript = "\"${PODS_ROOT}/Target Support Files/Pods-LoginUsingGoogle/Pods-LoginUsingGoogle-resources.sh\"\n";
			showEnvVarsInLog = 0;
		};
		E4F9D5ED8B91E825B40F7B31 /* [CP] Embed Pods Frameworks */ = {
			isa = PBXShellScriptBuildPhase;
			buildActionMask = 2147483647;
			files = (
			);
			inputFileListPaths = (
				"${PODS_ROOT}/Target Support Files/Pods-LoginUsingGoogle/Pods-LoginUsingGoogle-frameworks-${CONFIGURATION}-input-files.xcfilelist",
			);
			name = "[CP] Embed Pods Frameworks";
			outputFileListPaths = (
				"${PODS_ROOT}/Target Support Files/Pods-LoginUsingGoogle/Pods-LoginUsingGoogle-frameworks-${CONFIGURATION}-output-files.xcfilelist",
			);
			runOnlyForDeploymentPostprocessing = 0;
			shellPath = /bin/sh;
			shellScript = "\"${PODS_ROOT}/Target Support Files/Pods-LoginUsingGoogle/Pods-LoginUsingGoogle-frameworks.sh\"\n";
			showEnvVarsInLog = 0;
		};
/* End PBXShellScriptBuildPhase section */

/* Begin PBXSourcesBuildPhase section */
		8AF086382358E4C800D1E607 /* Sources */ = {
			isa = PBXSourcesBuildPhase;
			buildActionMask = 2147483647;
			files = (
				8AEF62142359195700850B66 /* Utilities.swift in Sources */,
				8AF0867523590F7600D1E607 /* HomeViewController.swift in Sources */,
				8AF086422358E4C800D1E607 /* ViewController.swift in Sources */,
				8AF086482358E4C800D1E607 /* LoginUsingGoogle.xcdatamodeld in Sources */,
				8AF086402358E4C800D1E607 /* AppDelegate.swift in Sources */,
				8AF0867323590F0500D1E607 /* Constants.swift in Sources */,
			);
			runOnlyForDeploymentPostprocessing = 0;
		};
		8AF0864F2358E4CC00D1E607 /* Sources */ = {
			isa = PBXSourcesBuildPhase;
			buildActionMask = 2147483647;
			files = (
				8AF086582358E4CC00D1E607 /* LoginUsingGoogleTests.swift in Sources */,
			);
			runOnlyForDeploymentPostprocessing = 0;
		};
		8AF0865A2358E4CC00D1E607 /* Sources */ = {
			isa = PBXSourcesBuildPhase;
			buildActionMask = 2147483647;
			files = (
				8AF086632358E4CC00D1E607 /* LoginUsingGoogleUITests.swift in Sources */,
			);
			runOnlyForDeploymentPostprocessing = 0;
		};
/* End PBXSourcesBuildPhase section */

/* Begin PBXTargetDependency section */
		8AF086552358E4CC00D1E607 /* PBXTargetDependency */ = {
			isa = PBXTargetDependency;
			target = 8AF0863B2358E4C800D1E607 /* LoginUsingGoogle */;
			targetProxy = 8AF086542358E4CC00D1E607 /* PBXContainerItemProxy */;
		};
		8AF086602358E4CC00D1E607 /* PBXTargetDependency */ = {
			isa = PBXTargetDependency;
			target = 8AF0863B2358E4C800D1E607 /* LoginUsingGoogle */;
			targetProxy = 8AF0865F2358E4CC00D1E607 /* PBXContainerItemProxy */;
		};
/* End PBXTargetDependency section */

/* Begin PBXVariantGroup section */
		8AF086432358E4C800D1E607 /* Main.storyboard */ = {
			isa = PBXVariantGroup;
			children = (
				8AF086442358E4C800D1E607 /* Base */,
			);
			name = Main.storyboard;
			sourceTree = "<group>";
		};
		8AF0864B2358E4CC00D1E607 /* LaunchScreen.storyboard */ = {
			isa = PBXVariantGroup;
			children = (
				8AF0864C2358E4CC00D1E607 /* Base */,
			);
			name = LaunchScreen.storyboard;
			sourceTree = "<group>";
		};
/* End PBXVariantGroup section */

/* Begin XCBuildConfiguration section */
		8AF086652358E4CC00D1E607 /* Debug */ = {
			isa = XCBuildConfiguration;
			buildSettings = {
				ALWAYS_SEARCH_USER_PATHS = NO;
				CLANG_ANALYZER_NONNULL = YES;
				CLANG_ANALYZER_NUMBER_OBJECT_CONVERSION = YES_AGGRESSIVE;
				CLANG_CXX_LANGUAGE_STANDARD = "gnu++14";
				CLANG_CXX_LIBRARY = "libc++";
				CLANG_ENABLE_MODULES = YES;
				CLANG_ENABLE_OBJC_ARC = YES;
				CLANG_ENABLE_OBJC_WEAK = YES;
				CLANG_WARN_BLOCK_CAPTURE_AUTORELEASING = YES;
				CLANG_WARN_BOOL_CONVERSION = YES;
				CLANG_WARN_COMMA = YES;
				CLANG_WARN_CONSTANT_CONVERSION = YES;
				CLANG_WARN_DEPRECATED_OBJC_IMPLEMENTATIONS = YES;
				CLANG_WARN_DIRECT_OBJC_ISA_USAGE = YES_ERROR;
				CLANG_WARN_DOCUMENTATION_COMMENTS = YES;
				CLANG_WARN_EMPTY_BODY = YES;
				CLANG_WARN_ENUM_CONVERSION = YES;
				CLANG_WARN_INFINITE_RECURSION = YES;
				CLANG_WARN_INT_CONVERSION = YES;
				CLANG_WARN_NON_LITERAL_NULL_CONVERSION = YES;
				CLANG_WARN_OBJC_IMPLICIT_RETAIN_SELF = YES;
				CLANG_WARN_OBJC_LITERAL_CONVERSION = YES;
				CLANG_WARN_OBJC_ROOT_CLASS = YES_ERROR;
				CLANG_WARN_RANGE_LOOP_ANALYSIS = YES;
				CLANG_WARN_STRICT_PROTOTYPES = YES;
				CLANG_WARN_SUSPICIOUS_MOVE = YES;
				CLANG_WARN_UNGUARDED_AVAILABILITY = YES_AGGRESSIVE;
				CLANG_WARN_UNREACHABLE_CODE = YES;
				CLANG_WARN__DUPLICATE_METHOD_MATCH = YES;
				CODE_SIGN_IDENTITY = "iPhone Developer";
				COPY_PHASE_STRIP = NO;
				DEBUG_INFORMATION_FORMAT = dwarf;
				ENABLE_STRICT_OBJC_MSGSEND = YES;
				ENABLE_TESTABILITY = YES;
				GCC_C_LANGUAGE_STANDARD = gnu11;
				GCC_DYNAMIC_NO_PIC = NO;
				GCC_NO_COMMON_BLOCKS = YES;
				GCC_OPTIMIZATION_LEVEL = 0;
				GCC_PREPROCESSOR_DEFINITIONS = (
					"DEBUG=1",
					"$(inherited)",
				);
				GCC_WARN_64_TO_32_BIT_CONVERSION = YES;
				GCC_WARN_ABOUT_RETURN_TYPE = YES_ERROR;
				GCC_WARN_UNDECLARED_SELECTOR = YES;
				GCC_WARN_UNINITIALIZED_AUTOS = YES_AGGRESSIVE;
				GCC_WARN_UNUSED_FUNCTION = YES;
				GCC_WARN_UNUSED_VARIABLE = YES;
				IPHONEOS_DEPLOYMENT_TARGET = 12.2;
				MTL_ENABLE_DEBUG_INFO = INCLUDE_SOURCE;
				MTL_FAST_MATH = YES;
				ONLY_ACTIVE_ARCH = YES;
				SDKROOT = iphoneos;
				SWIFT_ACTIVE_COMPILATION_CONDITIONS = DEBUG;
				SWIFT_OPTIMIZATION_LEVEL = "-Onone";
			};
			name = Debug;
		};
		8AF086662358E4CC00D1E607 /* Release */ = {
			isa = XCBuildConfiguration;
			buildSettings = {
				ALWAYS_SEARCH_USER_PATHS = NO;
				CLANG_ANALYZER_NONNULL = YES;
				CLANG_ANALYZER_NUMBER_OBJECT_CONVERSION = YES_AGGRESSIVE;
				CLANG_CXX_LANGUAGE_STANDARD = "gnu++14";
				CLANG_CXX_LIBRARY = "libc++";
				CLANG_ENABLE_MODULES = YES;
				CLANG_ENABLE_OBJC_ARC = YES;
				CLANG_ENABLE_OBJC_WEAK = YES;
				CLANG_WARN_BLOCK_CAPTURE_AUTORELEASING = YES;
				CLANG_WARN_BOOL_CONVERSION = YES;
				CLANG_WARN_COMMA = YES;
				CLANG_WARN_CONSTANT_CONVERSION = YES;
				CLANG_WARN_DEPRECATED_OBJC_IMPLEMENTATIONS = YES;
				CLANG_WARN_DIRECT_OBJC_ISA_USAGE = YES_ERROR;
				CLANG_WARN_DOCUMENTATION_COMMENTS = YES;
				CLANG_WARN_EMPTY_BODY = YES;
				CLANG_WARN_ENUM_CONVERSION = YES;
				CLANG_WARN_INFINITE_RECURSION = YES;
				CLANG_WARN_INT_CONVERSION = YES;
				CLANG_WARN_NON_LITERAL_NULL_CONVERSION = YES;
				CLANG_WARN_OBJC_IMPLICIT_RETAIN_SELF = YES;
				CLANG_WARN_OBJC_LITERAL_CONVERSION = YES;
				CLANG_WARN_OBJC_ROOT_CLASS = YES_ERROR;
				CLANG_WARN_RANGE_LOOP_ANALYSIS = YES;
				CLANG_WARN_STRICT_PROTOTYPES = YES;
				CLANG_WARN_SUSPICIOUS_MOVE = YES;
				CLANG_WARN_UNGUARDED_AVAILABILITY = YES_AGGRESSIVE;
				CLANG_WARN_UNREACHABLE_CODE = YES;
				CLANG_WARN__DUPLICATE_METHOD_MATCH = YES;
				CODE_SIGN_IDENTITY = "iPhone Developer";
				COPY_PHASE_STRIP = NO;
				DEBUG_INFORMATION_FORMAT = "dwarf-with-dsym";
				ENABLE_NS_ASSERTIONS = NO;
				ENABLE_STRICT_OBJC_MSGSEND = YES;
				GCC_C_LANGUAGE_STANDARD = gnu11;
				GCC_NO_COMMON_BLOCKS = YES;
				GCC_WARN_64_TO_32_BIT_CONVERSION = YES;
				GCC_WARN_ABOUT_RETURN_TYPE = YES_ERROR;
				GCC_WARN_UNDECLARED_SELECTOR = YES;
				GCC_WARN_UNINITIALIZED_AUTOS = YES_AGGRESSIVE;
				GCC_WARN_UNUSED_FUNCTION = YES;
				GCC_WARN_UNUSED_VARIABLE = YES;
				IPHONEOS_DEPLOYMENT_TARGET = 12.2;
				MTL_ENABLE_DEBUG_INFO = NO;
				MTL_FAST_MATH = YES;
				SDKROOT = iphoneos;
				SWIFT_COMPILATION_MODE = wholemodule;
				SWIFT_OPTIMIZATION_LEVEL = "-O";
				VALIDATE_PRODUCT = YES;
			};
			name = Release;
		};
		8AF086682358E4CC00D1E607 /* Debug */ = {
			isa = XCBuildConfiguration;
			baseConfigurationReference = F1C025211BA95751E9E43F2E /* Pods-LoginUsingGoogle.debug.xcconfig */;
			buildSettings = {
				ASSETCATALOG_COMPILER_APPICON_NAME = AppIcon;
				CODE_SIGN_STYLE = Automatic;
				INFOPLIST_FILE = LoginUsingGoogle/Info.plist;
				IPHONEOS_DEPLOYMENT_TARGET = 12.0;
				LD_RUNPATH_SEARCH_PATHS = (
					"$(inherited)",
					"@executable_path/Frameworks",
				);
				PRODUCT_BUNDLE_IDENTIFIER = FCI.LoginUsingGoogle;
				PRODUCT_NAME = "$(TARGET_NAME)";
				SWIFT_VERSION = 5.0;
				TARGETED_DEVICE_FAMILY = "1,2";
			};
			name = Debug;
		};
		8AF086692358E4CC00D1E607 /* Release */ = {
			isa = XCBuildConfiguration;
			baseConfigurationReference = B8E01BE6486CA68129E26C4F /* Pods-LoginUsingGoogle.release.xcconfig */;
			buildSettings = {
				ASSETCATALOG_COMPILER_APPICON_NAME = AppIcon;
				CODE_SIGN_STYLE = Automatic;
				INFOPLIST_FILE = LoginUsingGoogle/Info.plist;
				IPHONEOS_DEPLOYMENT_TARGET = 12.0;
				LD_RUNPATH_SEARCH_PATHS = (
					"$(inherited)",
					"@executable_path/Frameworks",
				);
				PRODUCT_BUNDLE_IDENTIFIER = FCI.LoginUsingGoogle;
				PRODUCT_NAME = "$(TARGET_NAME)";
				SWIFT_VERSION = 5.0;
				TARGETED_DEVICE_FAMILY = "1,2";
			};
			name = Release;
		};
		8AF0866B2358E4CC00D1E607 /* Debug */ = {
			isa = XCBuildConfiguration;
			buildSettings = {
				ALWAYS_EMBED_SWIFT_STANDARD_LIBRARIES = YES;
				BUNDLE_LOADER = "$(TEST_HOST)";
				CODE_SIGN_STYLE = Automatic;
				INFOPLIST_FILE = LoginUsingGoogleTests/Info.plist;
				LD_RUNPATH_SEARCH_PATHS = (
					"$(inherited)",
					"@executable_path/Frameworks",
					"@loader_path/Frameworks",
				);
				PRODUCT_BUNDLE_IDENTIFIER = FCI.LoginUsingGoogleTests;
				PRODUCT_NAME = "$(TARGET_NAME)";
				SWIFT_VERSION = 5.0;
				TARGETED_DEVICE_FAMILY = "1,2";
				TEST_HOST = "$(BUILT_PRODUCTS_DIR)/LoginUsingGoogle.app/LoginUsingGoogle";
			};
			name = Debug;
		};
		8AF0866C2358E4CC00D1E607 /* Release */ = {
			isa = XCBuildConfiguration;
			buildSettings = {
				ALWAYS_EMBED_SWIFT_STANDARD_LIBRARIES = YES;
				BUNDLE_LOADER = "$(TEST_HOST)";
				CODE_SIGN_STYLE = Automatic;
				INFOPLIST_FILE = LoginUsingGoogleTests/Info.plist;
				LD_RUNPATH_SEARCH_PATHS = (
					"$(inherited)",
					"@executable_path/Frameworks",
					"@loader_path/Frameworks",
				);
				PRODUCT_BUNDLE_IDENTIFIER = FCI.LoginUsingGoogleTests;
				PRODUCT_NAME = "$(TARGET_NAME)";
				SWIFT_VERSION = 5.0;
				TARGETED_DEVICE_FAMILY = "1,2";
				TEST_HOST = "$(BUILT_PRODUCTS_DIR)/LoginUsingGoogle.app/LoginUsingGoogle";
			};
			name = Release;
		};
		8AF0866E2358E4CC00D1E607 /* Debug */ = {
			isa = XCBuildConfiguration;
			buildSettings = {
				ALWAYS_EMBED_SWIFT_STANDARD_LIBRARIES = YES;
				CODE_SIGN_STYLE = Automatic;
				INFOPLIST_FILE = LoginUsingGoogleUITests/Info.plist;
				LD_RUNPATH_SEARCH_PATHS = (
					"$(inherited)",
					"@executable_path/Frameworks",
					"@loader_path/Frameworks",
				);
				PRODUCT_BUNDLE_IDENTIFIER = FCI.LoginUsingGoogleUITests;
				PRODUCT_NAME = "$(TARGET_NAME)";
				SWIFT_VERSION = 5.0;
				TARGETED_DEVICE_FAMILY = "1,2";
				TEST_TARGET_NAME = LoginUsingGoogle;
			};
			name = Debug;
		};
		8AF0866F2358E4CC00D1E607 /* Release */ = {
			isa = XCBuildConfiguration;
			buildSettings = {
				ALWAYS_EMBED_SWIFT_STANDARD_LIBRARIES = YES;
				CODE_SIGN_STYLE = Automatic;
				INFOPLIST_FILE = LoginUsingGoogleUITests/Info.plist;
				LD_RUNPATH_SEARCH_PATHS = (
					"$(inherited)",
					"@executable_path/Frameworks",
					"@loader_path/Frameworks",
				);
				PRODUCT_BUNDLE_IDENTIFIER = FCI.LoginUsingGoogleUITests;
				PRODUCT_NAME = "$(TARGET_NAME)";
				SWIFT_VERSION = 5.0;
				TARGETED_DEVICE_FAMILY = "1,2";
				TEST_TARGET_NAME = LoginUsingGoogle;
			};
			name = Release;
		};
/* End XCBuildConfiguration section */

/* Begin XCConfigurationList section */
		8AF086372358E4C800D1E607 /* Build configuration list for PBXProject "LoginUsingGoogle" */ = {
			isa = XCConfigurationList;
			buildConfigurations = (
				8AF086652358E4CC00D1E607 /* Debug */,
				8AF086662358E4CC00D1E607 /* Release */,
			);
			defaultConfigurationIsVisible = 0;
			defaultConfigurationName = Release;
		};
		8AF086672358E4CC00D1E607 /* Build configuration list for PBXNativeTarget "LoginUsingGoogle" */ = {
			isa = XCConfigurationList;
			buildConfigurations = (
				8AF086682358E4CC00D1E607 /* Debug */,
				8AF086692358E4CC00D1E607 /* Release */,
			);
			defaultConfigurationIsVisible = 0;
			defaultConfigurationName = Release;
		};
		8AF0866A2358E4CC00D1E607 /* Build configuration list for PBXNativeTarget "LoginUsingGoogleTests" */ = {
			isa = XCConfigurationList;
			buildConfigurations = (
				8AF0866B2358E4CC00D1E607 /* Debug */,
				8AF0866C2358E4CC00D1E607 /* Release */,
			);
			defaultConfigurationIsVisible = 0;
			defaultConfigurationName = Release;
		};
		8AF0866D2358E4CC00D1E607 /* Build configuration list for PBXNativeTarget "LoginUsingGoogleUITests" */ = {
			isa = XCConfigurationList;
			buildConfigurations = (
				8AF0866E2358E4CC00D1E607 /* Debug */,
				8AF0866F2358E4CC00D1E607 /* Release */,
			);
			defaultConfigurationIsVisible = 0;
			defaultConfigurationName = Release;
		};
/* End XCConfigurationList section */

/* Begin XCVersionGroup section */
		8AF086462358E4C800D1E607 /* LoginUsingGoogle.xcdatamodeld */ = {
			isa = XCVersionGroup;
			children = (
				8AF086472358E4C800D1E607 /* LoginUsingGoogle.xcdatamodel */,
			);
			currentVersion = 8AF086472358E4C800D1E607 /* LoginUsingGoogle.xcdatamodel */;
			path = LoginUsingGoogle.xcdatamodeld;
			sourceTree = "<group>";
			versionGroupType = wrapper.xcdatamodel;
		};
/* End XCVersionGroup section */
	};
	rootObject = 8AF086342358E4C800D1E607 /* Project object */;
}
